
Microsoft Visual Studio Solution File, Format Version 12.00
# Visual Studio Version 17
VisualStudioVersion = 17.6.33712.159
MinimumVisualStudioVersion = 10.0.40219.1
Project("{FAE04EC0-301F-11D3-BF4B-00C04F79EFBC}") = "BasicCore", "BasicCore.csproj", "{5D4F9FA6-9B1B-40FE-B5FC-5167469B543B}"
EndProject
Global
	GlobalSection(SolutionConfigurationPlatforms) = preSolution
		Debug|Any CPU = Debug|Any CPU
		Release|Any CPU = Release|Any CPU
	EndGlobalSection
	GlobalSection(ProjectConfigurationPlatforms) = postSolution
		{5D4F9FA6-9B1B-40FE-B5FC-5167469B543B}.Debug|Any CPU.ActiveCfg = Debug|Any CPU
		{5D4F9FA6-9B1B-40FE-B5FC-5167469B543B}.Debug|Any CPU.Build.0 = Debug|Any CPU
		{5D4F9FA6-9B1B-40FE-B5FC-5167469B543B}.Release|Any CPU.ActiveCfg = Release|Any CPU
		{5D4F9FA6-9B1B-40FE-B5FC-5167469B543B}.Release|Any CPU.Build.0 = Release|Any CPU
	EndGlobalSection
	GlobalSection(SolutionProperties) = preSolution
		HideSolutionNode = FALSE
	EndGlobalSection
	GlobalSection(ExtensibilityGlobals) = postSolution
		SolutionGuid = {5A031051-7C57-4D9C-82EC-C759D3E55DA6}
	EndGlobalSection
EndGlobal
